{
  "name": "Gemini",
  "lockfileVersion": 3,
  "requires": true,
  "packages": {
    "": {
      "name": "Gemini",
      "dependencies": {
        "@emailjs/browser": "^4.3.3",
        "emailjs-com": "^3.2.0",
        "react-simple-maps": "^1.0.0"
      }
    },
    "node_modules/@emailjs/browser": {
      "version": "4.3.3",
      "resolved": "https://registry.npmjs.org/@emailjs/browser/-/browser-4.3.3.tgz",
      "integrity": "sha512-ltpt2S/WVREIBXptxYAVYBvXb2O6yTUYiRUWF8OLikMxlmiGsIgKpgHppikNd4Df0uAav7jCsQKcOJ3TJFUx5g==",
      "engines": {
        "node": ">=14.0.0"
      }
    },
    "node_modules/commander": {
      "version": "2.20.3",
      "resolved": "https://registry.npmjs.org/commander/-/commander-2.20.3.tgz",
      "integrity": "sha512-GpVkmM8vF2vQUkj2LvZmD35JxeJOLCwJ9cUkugyk2nuhbv3+mJvpLYYt+0+USMxE+oj+ey/lJEnhZw75x/OMcQ=="
    },
    "node_modules/d3-array": {
      "version": "1.2.4",
      "resolved": "https://registry.npmjs.org/d3-array/-/d3-array-1.2.4.tgz",
      "integrity": "sha512-KHW6M86R+FUPYGb3R5XiYjXPq7VzwxZ22buHhAEVG5ztoEcZZMLov530mmccaqA1GghZArjQV46fuc8kUqhhHw=="
    },
    "node_modules/d3-geo": {
      "version": "1.12.1",
      "resolved": "https://registry.npmjs.org/d3-geo/-/d3-geo-1.12.1.tgz",
      "integrity": "sha512-XG4d1c/UJSEX9NfU02KwBL6BYPj8YKHxgBEw5om2ZnTRSbIcego6dhHwcxuSR3clxh0EpE38os1DVPOmnYtTPg==",
      "dependencies": {
        "d3-array": "1"
      }
    },
    "node_modules/emailjs-com": {
      "version": "3.2.0",
      "resolved": "https://registry.npmjs.org/emailjs-com/-/emailjs-com-3.2.0.tgz",
      "integrity": "sha512-Prbz3E1usiAwGjMNYRv6EsJ5c373cX7/AGnZQwOfrpNJrygQJ15+E9OOq4pU8yC977Z5xMetRfc3WmDX6RcjAA==",
      "deprecated": "The SDK name changed to @emailjs/browser",
      "engines": {
        "node": ">=12.0.0"
      }
    },
    "node_modules/js-tokens": {
      "version": "4.0.0",
      "resolved": "https://registry.npmjs.org/js-tokens/-/js-tokens-4.0.0.tgz",
      "integrity": "sha512-RdJUflcE3cUzKiMqQgsCu06FPu9UdIJO0beYbPhHN4k6apgJtifcoCtT9bcxOpYBtpD2kCM6Sbzg4CausW/PKQ==",
      "peer": true
    },
    "node_modules/loose-envify": {
      "version": "1.4.0",
      "resolved": "https://registry.npmjs.org/loose-envify/-/loose-envify-1.4.0.tgz",
      "integrity": "sha512-lyuxPGr/Wfhrlem2CL/UcnUc1zcqKAImBDzukY7Y5F/yQiNdko6+fRLevlw1HgMySw7f611UIY408EtxRSoK3Q==",
      "peer": true,
      "dependencies": {
        "js-tokens": "^3.0.0 || ^4.0.0"
      },
      "bin": {
        "loose-envify": "cli.js"
      }
    },
    "node_modules/object-assign": {
      "version": "4.1.1",
      "resolved": "https://registry.npmjs.org/object-assign/-/object-assign-4.1.1.tgz",
      "integrity": "sha512-rJgTQnkUnH1sFw8yT6VSU3zD3sWmu6sZhIseY8VX+GRu3P6F7Fu+JNDoXfklElbLJSnc3FUQHVe4cU5hj+BcUg==",
      "peer": true,
      "engines": {
        "node": ">=0.10.0"
      }
    },
    "node_modules/prop-types": {
      "version": "15.8.1",
      "resolved": "https://registry.npmjs.org/prop-types/-/prop-types-15.8.1.tgz",
      "integrity": "sha512-oj87CgZICdulUohogVAR7AjlC0327U4el4L6eAvOqCeudMDVU0NThNaV+b9Df4dXgSP1gXMTnPdhfe/2qDH5cg==",
      "peer": true,
      "dependencies": {
        "loose-envify": "^1.4.0",
        "object-assign": "^4.1.1",
        "react-is": "^16.13.1"
      }
    },
    "node_modules/react": {
      "version": "16.14.0",
      "resolved": "https://registry.npmjs.org/react/-/react-16.14.0.tgz",
      "integrity": "sha512-0X2CImDkJGApiAlcf0ODKIneSwBPhqJawOa5wCtKbu7ZECrmS26NvtSILynQ66cgkT/RJ4LidJOc3bUESwmU8g==",
      "peer": true,
      "dependencies": {
        "loose-envify": "^1.1.0",
        "object-assign": "^4.1.1",
        "prop-types": "^15.6.2"
      },
      "engines": {
        "node": ">=0.10.0"
      }
    },
    "node_modules/react-dom": {
      "version": "16.14.0",
      "resolved": "https://registry.npmjs.org/react-dom/-/react-dom-16.14.0.tgz",
      "integrity": "sha512-1gCeQXDLoIqMgqD3IO2Ah9bnf0w9kzhwN5q4FGnHZ67hBm9yePzB5JJAIQCc8x3pFnNlwFq4RidZggNAAkzWWw==",
      "peer": true,
      "dependencies": {
        "loose-envify": "^1.1.0",
        "object-assign": "^4.1.1",
        "prop-types": "^15.6.2",
        "scheduler": "^0.19.1"
      },
      "peerDependencies": {
        "react": "^16.14.0"
      }
    },
    "node_modules/react-is": {
      "version": "16.13.1",
      "resolved": "https://registry.npmjs.org/react-is/-/react-is-16.13.1.tgz",
      "integrity": "sha512-24e6ynE2H+OKt4kqsOvNd8kBpV65zoxbA4BVsEOB3ARVWQki/DHzaUoC5KuON/BiccDaCCTZBuOcfZs70kR8bQ==",
      "peer": true
    },
    "node_modules/react-simple-maps": {
      "version": "1.0.0",
      "resolved": "https://registry.npmjs.org/react-simple-maps/-/react-simple-maps-1.0.0.tgz",
      "integrity": "sha512-2A/yRZdMRr5VFwR4SFqIfZggSsPQ/ABvx7wyOFnvYqtbpxP5XEXPsFt/NH055lcrOj4qeUtHgPsDocAl86GmnA==",
      "dependencies": {
        "d3-geo": "^1.11.6",
        "topojson-client": "^3.0.0"
      },
      "peerDependencies": {
        "prop-types": "^15.7.2",
        "react": "^16.8.0",
        "react-dom": "^16.8.0"
      }
    },
    "node_modules/scheduler": {
      "version": "0.19.1",
      "resolved": "https://registry.npmjs.org/scheduler/-/scheduler-0.19.1.tgz",
      "integrity": "sha512-n/zwRWRYSUj0/3g/otKDRPMh6qv2SYMWNq85IEa8iZyAv8od9zDYpGSnpBEjNgcMNq6Scbu5KfIPxNF72R/2EA==",
      "peer": true,
      "dependencies": {
        "loose-envify": "^1.1.0",
        "object-assign": "^4.1.1"
      }
    },
    "node_modules/topojson-client": {
      "version": "3.1.0",
      "resolved": "https://registry.npmjs.org/topojson-client/-/topojson-client-3.1.0.tgz",
      "integrity": "sha512-605uxS6bcYxGXw9qi62XyrV6Q3xwbndjachmNxu8HWTtVPxZfEJN9fd/SZS1Q54Sn2y0TMyMxFj/cJINqGHrKw==",
      "dependencies": {
        "commander": "2"
      },
      "bin": {
        "topo2geo": "bin/topo2geo",
        "topomerge": "bin/topomerge",
        "topoquantize": "bin/topoquantize"
      }
    }
  }
}
